// !$*UTF8*$!
{
	archiveVersion = 1;
	classes = {
	};
	objectVersion = 46;
	objects = {

/* Begin PBXBuildFile section */
		FC1096CC1BC461E300798F08 /* datas.json in Resources */ = {isa = PBXBuildFile; fileRef = FC1096CB1BC461E300798F08 /* datas.json */; settings = {ASSET_TAGS = (); }; };
		FC21C8AE1BC45A6600A12A97 /* AppDelegate.swift in Sources */ = {isa = PBXBuildFile; fileRef = FC21C8AD1BC45A6600A12A97 /* AppDelegate.swift */; };
		FC21C8B01BC45A6600A12A97 /* ViewController.swift in Sources */ = {isa = PBXBuildFile; fileRef = FC21C8AF1BC45A6600A12A97 /* ViewController.swift */; };
		FC21C8B31BC45A6600A12A97 /* Main.storyboard in Resources */ = {isa = PBXBuildFile; fileRef = FC21C8B11BC45A6600A12A97 /* Main.storyboard */; };
		FC21C8B51BC45A6600A12A97 /* Assets.xcassets in Resources */ = {isa = PBXBuildFile; fileRef = FC21C8B41BC45A6600A12A97 /* Assets.xcassets */; };
		FC21C8B81BC45A6600A12A97 /* LaunchScreen.storyboard in Resources */ = {isa = PBXBuildFile; fileRef = FC21C8B61BC45A6600A12A97 /* LaunchScreen.storyboard */; };
/* End PBXBuildFile section */

/* Begin PBXFileReference section */
		FC1096C91BC4607C00798F08 /* VideosTableViewController.swift */ = {isa = PBXFileReference; fileEncoding = 4; lastKnownFileType = sourcecode.swift; path = VideosTableViewController.swift; sourceTree = "<group>"; };
		FC1096CB1BC461E300798F08 /* datas.json */ = {isa = PBXFileReference; fileEncoding = 4; lastKnownFileType = text.json; path = datas.json; sourceTree = "<group>"; };
		FC21C8AA1BC45A6600A12A97 /* MyFirstApp.app */ = {isa = PBXFileReference; explicitFileType = wrapper.application; includeInIndex = 0; path = MyFirstApp.app; sourceTree = BUILT_PRODUCTS_DIR; };
		FC21C8AD1BC45A6600A12A97 /* AppDelegate.swift */ = {isa = PBXFileReference; lastKnownFileType = sourcecode.swift; path = AppDelegate.swift; sourceTree = "<group>"; };
		FC21C8AF1BC45A6600A12A97 /* ViewController.swift */ = {isa = PBXFileReference; lastKnownFileType = sourcecode.swift; path = ViewController.swift; sourceTree = "<group>"; };
		FC21C8B21BC45A6600A12A97 /* Base */ = {isa = PBXFileReference; lastKnownFileType = file.storyboard; name = Base; path = Base.lproj/Main.storyboard; sourceTree = "<group>"; };
		FC21C8B41BC45A6600A12A97 /* Assets.xcassets */ = {isa = PBXFileReference; lastKnownFileType = folder.assetcatalog; path = Assets.xcassets; sourceTree = "<group>"; };
		FC21C8B71BC45A6600A12A97 /* Base */ = {isa = PBXFileReference; lastKnownFileType = file.storyboard; name = Base; path = Base.lproj/LaunchScreen.storyboard; sourceTree = "<group>"; };
		FC21C8B91BC45A6600A12A97 /* Info.plist */ = {isa = PBXFileReference; lastKnownFileType = text.plist.xml; path = Info.plist; sourceTree = "<group>"; };
/* End PBXFileReference section */

/* Begin PBXFrameworksBuildPhase section */
		FC21C8A71BC45A6600A12A97 /* Frameworks */ = {
			isa = PBXFrameworksBuildPhase;
			buildActionMask = 2147483647;
			files = (
			);
			runOnlyForDeploymentPostprocessing = 0;
		};
/* End PBXFrameworksBuildPhase section */

/* Begin PBXGroup section */
		FC21C8A11BC45A6600A12A97 = {
			isa = PBXGroup;
			children = (
				FC21C8AC1BC45A6600A12A97 /* MyFirstApp */,
				FC21C8AB1BC45A6600A12A97 /* Products */,
			);
			sourceTree = "<group>";
		};
		FC21C8AB1BC45A6600A12A97 /* Products */ = {
			isa = PBXGroup;
			children = (
				FC21C8AA1BC45A6600A12A97 /* MyFirstApp.app */,
			);
			name = Products;
			sourceTree = "<group>";
		};
		FC21C8AC1BC45A6600A12A97 /* MyFirstApp */ = {
			isa = PBXGroup;
			children = (
				FC21C8AD1BC45A6600A12A97 /* AppDelegate.swift */,
				FC21C8AF1BC45A6600A12A97 /* ViewController.swift */,
				FC21C8B11BC45A6600A12A97 /* Main.storyboard */,
				FC1096C91BC4607C00798F08 /* VideosTableViewController.swift */,
				FC1096CB1BC461E300798F08 /* datas.json */,
				FC21C8B41BC45A6600A12A97 /* Assets.xcassets */,
				FC21C8B61BC45A6600A12A97 /* LaunchScreen.storyboard */,
				FC21C8B91BC45A6600A12A97 /* Info.plist */,
			);
			path = MyFirstApp;
			sourceTree = "<group>";
		};
/* End PBXGroup section */

/* Begin PBXNativeTarget section */
		FC21C8A91BC45A6600A12A97 /* MyFirstApp */ = {
			isa = PBXNativeTarget;
			buildConfigurationList = FC21C8BC1BC45A6600A12A97 /* Build configuration list for PBXNativeTarget "MyFirstApp" */;
			buildPhases = (
				FC21C8A61BC45A6600A12A97 /* Sources */,
				FC21C8A71BC45A6600A12A97 /* Frameworks */,
				FC21C8A81BC45A6600A12A97 /* Resources */,
			);
			buildRules = (
			);
			dependencies = (
			);
			name = MyFirstApp;
			productName = MyFirstApp;
			productReference = FC21C8AA1BC45A6600A12A97 /* MyFirstApp.app */;
			productType = "com.apple.product-type.application";
		};
/* End PBXNativeTarget section */

/* Begin PBXProject section */
		FC21C8A21BC45A6600A12A97 /* Project object */ = {
			isa = PBXProject;
			attributes = {
				LastUpgradeCheck = 0700;
				ORGANIZATIONNAME = Me;
				TargetAttributes = {
					FC21C8A91BC45A6600A12A97 = {
						CreatedOnToolsVersion = 7.0.1;
					};
				};
			};
			buildConfigurationList = FC21C8A51BC45A6600A12A97 /* Build configuration list for PBXProject "MyFirstApp" */;
			compatibilityVersion = "Xcode 3.2";
			developmentRegion = English;
			hasScannedForEncodings = 0;
			knownRegions = (
				en,
				Base,
			);
			mainGroup = FC21C8A11BC45A6600A12A97;
			productRefGroup = FC21C8AB1BC45A6600A12A97 /* Products */;
			projectDirPath = "";
			projectRoot = "";
			targets = (
				FC21C8A91BC45A6600A12A97 /* MyFirstApp */,
			);
		};
/* End PBXProject section */

/* Begin PBXResourcesBuildPhase section */
		FC21C8A81BC45A6600A12A97 /* Resources */ = {
			isa = PBXResourcesBuildPhase;
			buildActionMask = 2147483647;
			files = (
				FC21C8B81BC45A6600A12A97 /* LaunchScreen.storyboard in Resources */,
				FC21C8B51BC45A6600A12A97 /* Assets.xcassets in Resources */,
				FC21C8B31BC45A6600A12A97 /* Main.storyboard in Resources */,
				FC1096CC1BC461E300798F08 /* datas.json in Resources */,
			);
			runOnlyForDeploymentPostprocessing = 0;
		};
/* End PBXResourcesBuildPhase section */

/* Begin PBXSourcesBuildPhase section */
		FC21C8A61BC45A6600A12A97 /* Sources */ = {
			isa = PBXSourcesBuildPhase;
			buildActionMask = 2147483647;
			files = (
				FC21C8B01BC45A6600A12A97 /* ViewController.swift in Sources */,
				FC21C8AE1BC45A6600A12A97 /* AppDelegate.swift in Sources */,
			);
			runOnlyForDeploymentPostprocessing = 0;
		};
/* End PBXSourcesBuildPhase section */

/* Begin PBXVariantGroup section */
		FC21C8B11BC45A6600A12A97 /* Main.storyboard */ = {
			isa = PBXVariantGroup;
			children = (
				FC21C8B21BC45A6600A12A97 /* Base */,
			);
			name = Main.storyboard;
			sourceTree = "<group>";
		};
		FC21C8B61BC45A6600A12A97 /* LaunchScreen.storyboard */ = {
			isa = PBXVariantGroup;
			children = (
				FC21C8B71BC45A6600A12A97 /* Base */,
			);
			name = LaunchScreen.storyboard;
			sourceTree = "<group>";
		};
/* End PBXVariantGroup section */

/* Begin XCBuildConfiguration section */
		FC21C8BA1BC45A6600A12A97 /* Debug */ = {
			isa = XCBuildConfiguration;
			buildSettings = {
				ALWAYS_SEARCH_USER_PATHS = NO;
				CLANG_CXX_LANGUAGE_STANDARD = "gnu++0x";
				CLANG_CXX_LIBRARY = "libc++";
				CLANG_ENABLE_MODULES = YES;
				CLANG_ENABLE_OBJC_ARC = YES;
				CLANG_WARN_BOOL_CONVERSION = YES;
				CLANG_WARN_CONSTANT_CONVERSION = YES;
				CLANG_WARN_DIRECT_OBJC_ISA_USAGE = YES_ERROR;
				CLANG_WARN_EMPTY_BODY = YES;
				CLANG_WARN_ENUM_CONVERSION = YES;
				CLANG_WARN_INT_CONVERSION = YES;
				CLANG_WARN_OBJC_ROOT_CLASS = YES_ERROR;
				CLANG_WARN_UNREACHABLE_CODE = YES;
				CLANG_WARN__DUPLICATE_METHOD_MATCH = YES;
				"CODE_SIGN_IDENTITY[sdk=iphoneos*]" = "iPhone Developer";
				COPY_PHASE_STRIP = NO;
				DEBUG_INFORMATION_FORMAT = dwarf;
				ENABLE_STRICT_OBJC_MSGSEND = YES;
				ENABLE_TESTABILITY = YES;
				GCC_C_LANGUAGE_STANDARD = gnu99;
				GCC_DYNAMIC_NO_PIC = NO;
				GCC_NO_COMMON_BLOCKS = YES;
				GCC_OPTIMIZATION_LEVEL = 0;
				GCC_PREPROCESSOR_DEFINITIONS = (
					"DEBUG=1",
					"$(inherited)",
				);
				GCC_WARN_64_TO_32_BIT_CONVERSION = YES;
				GCC_WARN_ABOUT_RETURN_TYPE = YES_ERROR;
				GCC_WARN_UNDECLARED_SELECTOR = YES;
				GCC_WARN_UNINITIALIZED_AUTOS = YES_AGGRESSIVE;
				GCC_WARN_UNUSED_FUNCTION = YES;
				GCC_WARN_UNUSED_VARIABLE = YES;
				IPHONEOS_DEPLOYMENT_TARGET = 9.0;
				MTL_ENABLE_DEBUG_INFO = YES;
				ONLY_ACTIVE_ARCH = YES;
				SDKROOT = iphoneos;
				SWIFT_OPTIMIZATION_LEVEL = "-Onone";
			};
			name = Debug;
		};
		FC21C8BB1BC45A6600A12A97 /* Release */ = {
			isa = XCBuildConfiguration;
			buildSettings = {
				ALWAYS_SEARCH_USER_PATHS = NO;
				CLANG_CXX_LANGUAGE_STANDARD = "gnu++0x";
				CLANG_CXX_LIBRARY = "libc++";
				CLANG_ENABLE_MODULES = YES;
				CLANG_ENABLE_OBJC_ARC = YES;
				CLANG_WARN_BOOL_CONVERSION = YES;
				CLANG_WARN_CONSTANT_CONVERSION = YES;
				CLANG_WARN_DIRECT_OBJC_ISA_USAGE = YES_ERROR;
				CLANG_WARN_EMPTY_BODY = YES;
				CLANG_WARN_ENUM_CONVERSION = YES;
				CLANG_WARN_INT_CONVERSION = YES;
				CLANG_WARN_OBJC_ROOT_CLASS = YES_ERROR;
				CLANG_WARN_UNREACHABLE_CODE = YES;
				CLANG_WARN__DUPLICATE_METHOD_MATCH = YES;
				"CODE_SIGN_IDENTITY[sdk=iphoneos*]" = "iPhone Developer";
				COPY_PHASE_STRIP = NO;
				DEBUG_INFORMATION_FORMAT = "dwarf-with-dsym";
				ENABLE_NS_ASSERTIONS = NO;
				ENABLE_STRICT_OBJC_MSGSEND = YES;
				GCC_C_LANGUAGE_STANDARD = gnu99;
				GCC_NO_COMMON_BLOCKS = YES;
				GCC_WARN_64_TO_32_BIT_CONVERSION = YES;
				GCC_WARN_ABOUT_RETURN_TYPE = YES_ERROR;
				GCC_WARN_UNDECLARED_SELECTOR = YES;
				GCC_WARN_UNINITIALIZED_AUTOS = YES_AGGRESSIVE;
				GCC_WARN_UNUSED_FUNCTION = YES;
				GCC_WARN_UNUSED_VARIABLE = YES;
				IPHONEOS_DEPLOYMENT_TARGET = 9.0;
				MTL_ENABLE_DEBUG_INFO = NO;
				SDKROOT = iphoneos;
				VALIDATE_PRODUCT = YES;
			};
			name = Release;
		};
		FC21C8BD1BC45A6600A12A97 /* Debug */ = {
			isa = XCBuildConfiguration;
			buildSettings = {
				ASSETCATALOG_COMPILER_APPICON_NAME = AppIcon;
				INFOPLIST_FILE = MyFirstApp/Info.plist;
				LD_RUNPATH_SEARCH_PATHS = "$(inherited) @executable_path/Frameworks";
				PRODUCT_BUNDLE_IDENTIFIER = com.me.MyFirstApp;
				PRODUCT_NAME = "$(TARGET_NAME)";
			};
			name = Debug;
		};
		FC21C8BE1BC45A6600A12A97 /* Release */ = {
			isa = XCBuildConfiguration;
			buildSettings = {
				ASSETCATALOG_COMPILER_APPICON_NAME = AppIcon;
				INFOPLIST_FILE = MyFirstApp/Info.plist;
				LD_RUNPATH_SEARCH_PATHS = "$(inherited) @executable_path/Frameworks";
				PRODUCT_BUNDLE_IDENTIFIER = com.me.MyFirstApp;
				PRODUCT_NAME = "$(TARGET_NAME)";
			};
			name = Release;
		};
/* End XCBuildConfiguration section */

/* Begin XCConfigurationList section */
		FC21C8A51BC45A6600A12A97 /* Build configuration list for PBXProject "MyFirstApp" */ = {
			isa = XCConfigurationList;
			buildConfigurations = (
				FC21C8BA1BC45A6600A12A97 /* Debug */,
				FC21C8BB1BC45A6600A12A97 /* Release */,
			);
			defaultConfigurationIsVisible = 0;
			defaultConfigurationName = Release;
		};
		FC21C8BC1BC45A6600A12A97 /* Build configuration list for PBXNativeTarget "MyFirstApp" */ = {
			isa = XCConfigurationList;
			buildConfigurations = (
				FC21C8BD1BC45A6600A12A97 /* Debug */,
				FC21C8BE1BC45A6600A12A97 /* Release */,
			);
			defaultConfigurationIsVisible = 0;
			defaultConfigurationName = Release;
		};
/* End XCConfigurationList section */
	};
	rootObject = FC21C8A21BC45A6600A12A97 /* Project object */;
}
